[root]
name = "rust-3d"
version = "0.1.0"
dependencies = [
 "engine 0.1.0",
 "glutin 0.4.9 (registry+https://github.com/rust-lang/crates.io-index)",
 "image 0.8.0 (registry+https://github.com/rust-lang/crates.io-index)",
 "math 0.1.0",
 "opengl 0.1.0",
 "rand 0.3.14 (registry+https://github.com/rust-lang/crates.io-index)",
 "time 0.1.35 (registry+https://github.com/rust-lang/crates.io-index)",
]

[[package]]
name = "android_glue"
version = "0.1.3"
source = "registry+https://github.com/rust-lang/crates.io-index"

[[package]]
name = "bitflags"
version = "0.3.3"
source = "registry+https://github.com/rust-lang/crates.io-index"

[[package]]
name = "byteorder"
version = "0.4.2"
source = "registry+https://github.com/rust-lang/crates.io-index"

[[package]]
name = "cgl"
version = "0.1.4"
source = "registry+https://github.com/rust-lang/crates.io-index"
dependencies = [
 "gleam 0.2.12 (registry+https://github.com/rust-lang/crates.io-index)",
 "libc 0.2.9 (registry+https://github.com/rust-lang/crates.io-index)",
]

[[package]]
name = "cocoa"
version = "0.2.5"
source = "registry+https://github.com/rust-lang/crates.io-index"
dependencies = [
 "bitflags 0.3.3 (registry+https://github.com/rust-lang/crates.io-index)",
 "core-graphics 0.3.0 (registry+https://github.com/rust-lang/crates.io-index)",
 "libc 0.2.9 (registry+https://github.com/rust-lang/crates.io-index)",
 "objc 0.1.8 (registry+https://github.com/rust-lang/crates.io-index)",
]

[[package]]
name = "color_quant"
version = "1.0.0"
source = "registry+https://github.com/rust-lang/crates.io-index"

[[package]]
name = "core-foundation"
version = "0.2.0"
source = "registry+https://github.com/rust-lang/crates.io-index"
dependencies = [
 "core-foundation-sys 0.2.0 (registry+https://github.com/rust-lang/crates.io-index)",
 "libc 0.2.9 (registry+https://github.com/rust-lang/crates.io-index)",
]

[[package]]
name = "core-foundation-sys"
version = "0.2.0"
source = "registry+https://github.com/rust-lang/crates.io-index"
dependencies = [
 "libc 0.2.9 (registry+https://github.com/rust-lang/crates.io-index)",
]

[[package]]
name = "core-graphics"
version = "0.3.0"
source = "registry+https://github.com/rust-lang/crates.io-index"
dependencies = [
 "core-foundation 0.2.0 (registry+https://github.com/rust-lang/crates.io-index)",
 "libc 0.2.9 (registry+https://github.com/rust-lang/crates.io-index)",
 "serde 0.7.0 (registry+https://github.com/rust-lang/crates.io-index)",
]

[[package]]
name = "crossbeam"
version = "0.1.6"
source = "registry+https://github.com/rust-lang/crates.io-index"

[[package]]
name = "deque"
version = "0.3.1"
source = "registry+https://github.com/rust-lang/crates.io-index"
dependencies = [
 "rand 0.3.14 (registry+https://github.com/rust-lang/crates.io-index)",
]

[[package]]
name = "dlib"
version = "0.3.0"
source = "registry+https://github.com/rust-lang/crates.io-index"
dependencies = [
 "libloading 0.2.1 (registry+https://github.com/rust-lang/crates.io-index)",
]

[[package]]
name = "dwmapi-sys"
version = "0.1.0"
source = "registry+https://github.com/rust-lang/crates.io-index"
dependencies = [
 "winapi 0.2.6 (registry+https://github.com/rust-lang/crates.io-index)",
 "winapi-build 0.1.1 (registry+https://github.com/rust-lang/crates.io-index)",
]

[[package]]
name = "dylib"
version = "0.0.1"
source = "registry+https://github.com/rust-lang/crates.io-index"
dependencies = [
 "libc 0.2.9 (registry+https://github.com/rust-lang/crates.io-index)",
]

[[package]]
name = "engine"
version = "0.1.0"
dependencies = [
 "image 0.8.0 (registry+https://github.com/rust-lang/crates.io-index)",
 "math 0.1.0",
 "opengl 0.1.0",
 "tobj 0.1.1 (registry+https://github.com/rust-lang/crates.io-index)",
]

[[package]]
name = "enum_primitive"
version = "0.1.0"
source = "registry+https://github.com/rust-lang/crates.io-index"
dependencies = [
 "num 0.1.31 (registry+https://github.com/rust-lang/crates.io-index)",
]

[[package]]
name = "euclid"
version = "0.6.5"
source = "registry+https://github.com/rust-lang/crates.io-index"
dependencies = [
 "log 0.3.6 (registry+https://github.com/rust-lang/crates.io-index)",
 "num 0.1.31 (registry+https://github.com/rust-lang/crates.io-index)",
 "rustc-serialize 0.3.18 (registry+https://github.com/rust-lang/crates.io-index)",
]

[[package]]
name = "flate2"
version = "0.2.13"
source = "registry+https://github.com/rust-lang/crates.io-index"
dependencies = [
 "libc 0.2.9 (registry+https://github.com/rust-lang/crates.io-index)",
 "miniz-sys 0.1.7 (registry+https://github.com/rust-lang/crates.io-index)",
]

[[package]]
name = "fs2"
version = "0.2.4"
source = "registry+https://github.com/rust-lang/crates.io-index"
dependencies = [
 "kernel32-sys 0.2.1 (registry+https://github.com/rust-lang/crates.io-index)",
 "libc 0.2.9 (registry+https://github.com/rust-lang/crates.io-index)",
 "winapi 0.2.6 (registry+https://github.com/rust-lang/crates.io-index)",
]

[[package]]
name = "gcc"
version = "0.3.26"
source = "registry+https://github.com/rust-lang/crates.io-index"

[[package]]
name = "gdi32-sys"
version = "0.1.1"
source = "registry+https://github.com/rust-lang/crates.io-index"
dependencies = [
 "winapi 0.2.6 (registry+https://github.com/rust-lang/crates.io-index)",
]

[[package]]
name = "gif"
version = "0.8.0"
source = "registry+https://github.com/rust-lang/crates.io-index"
dependencies = [
 "color_quant 1.0.0 (registry+https://github.com/rust-lang/crates.io-index)",
 "lzw 0.10.0 (registry+https://github.com/rust-lang/crates.io-index)",
]

[[package]]
name = "gl_generator"
version = "0.4.2"
source = "registry+https://github.com/rust-lang/crates.io-index"
dependencies = [
 "khronos_api 1.0.0 (registry+https://github.com/rust-lang/crates.io-index)",
 "log 0.3.6 (registry+https://github.com/rust-lang/crates.io-index)",
 "xml-rs 0.2.2 (registry+https://github.com/rust-lang/crates.io-index)",
]

[[package]]
name = "gl_generator"
version = "0.5.1"
source = "registry+https://github.com/rust-lang/crates.io-index"
dependencies = [
 "khronos_api 1.0.0 (registry+https://github.com/rust-lang/crates.io-index)",
 "log 0.3.6 (registry+https://github.com/rust-lang/crates.io-index)",
 "xml-rs 0.3.0 (registry+https://github.com/rust-lang/crates.io-index)",
]

[[package]]
name = "gleam"
version = "0.2.12"
source = "registry+https://github.com/rust-lang/crates.io-index"
dependencies = [
 "gl_generator 0.5.1 (registry+https://github.com/rust-lang/crates.io-index)",
]

[[package]]
name = "glob"
version = "0.2.11"
source = "registry+https://github.com/rust-lang/crates.io-index"

[[package]]
name = "glutin"
version = "0.4.9"
source = "registry+https://github.com/rust-lang/crates.io-index"
dependencies = [
 "android_glue 0.1.3 (registry+https://github.com/rust-lang/crates.io-index)",
 "cgl 0.1.4 (registry+https://github.com/rust-lang/crates.io-index)",
 "cocoa 0.2.5 (registry+https://github.com/rust-lang/crates.io-index)",
 "core-foundation 0.2.0 (registry+https://github.com/rust-lang/crates.io-index)",
 "core-graphics 0.3.0 (registry+https://github.com/rust-lang/crates.io-index)",
 "dwmapi-sys 0.1.0 (registry+https://github.com/rust-lang/crates.io-index)",
 "gdi32-sys 0.1.1 (registry+https://github.com/rust-lang/crates.io-index)",
 "gl_generator 0.4.2 (registry+https://github.com/rust-lang/crates.io-index)",
 "kernel32-sys 0.2.1 (registry+https://github.com/rust-lang/crates.io-index)",
 "khronos_api 1.0.0 (registry+https://github.com/rust-lang/crates.io-index)",
 "lazy_static 0.1.15 (registry+https://github.com/rust-lang/crates.io-index)",
 "libc 0.2.9 (registry+https://github.com/rust-lang/crates.io-index)",
 "objc 0.1.8 (registry+https://github.com/rust-lang/crates.io-index)",
 "osmesa-sys 0.0.5 (registry+https://github.com/rust-lang/crates.io-index)",
 "shared_library 0.1.4 (registry+https://github.com/rust-lang/crates.io-index)",
 "shell32-sys 0.1.1 (registry+https://github.com/rust-lang/crates.io-index)",
 "user32-sys 0.1.2 (registry+https://github.com/rust-lang/crates.io-index)",
 "wayland-client 0.5.9 (registry+https://github.com/rust-lang/crates.io-index)",
 "wayland-kbd 0.3.5 (registry+https://github.com/rust-lang/crates.io-index)",
 "wayland-window 0.2.2 (registry+https://github.com/rust-lang/crates.io-index)",
 "winapi 0.2.6 (registry+https://github.com/rust-lang/crates.io-index)",
 "x11-dl 2.3.1 (registry+https://github.com/rust-lang/crates.io-index)",
]

[[package]]
name = "image"
version = "0.8.0"
source = "registry+https://github.com/rust-lang/crates.io-index"
dependencies = [
 "byteorder 0.4.2 (registry+https://github.com/rust-lang/crates.io-index)",
 "enum_primitive 0.1.0 (registry+https://github.com/rust-lang/crates.io-index)",
 "gif 0.8.0 (registry+https://github.com/rust-lang/crates.io-index)",
 "glob 0.2.11 (registry+https://github.com/rust-lang/crates.io-index)",
 "jpeg-decoder 0.1.2 (registry+https://github.com/rust-lang/crates.io-index)",
 "num 0.1.31 (registry+https://github.com/rust-lang/crates.io-index)",
 "png 0.4.2 (registry+https://github.com/rust-lang/crates.io-index)",
]

[[package]]
name = "inflate"
version = "0.1.0"
source = "registry+https://github.com/rust-lang/crates.io-index"

[[package]]
name = "jpeg-decoder"
version = "0.1.2"
source = "registry+https://github.com/rust-lang/crates.io-index"
dependencies = [
 "byteorder 0.4.2 (registry+https://github.com/rust-lang/crates.io-index)",
 "euclid 0.6.5 (registry+https://github.com/rust-lang/crates.io-index)",
 "num 0.1.31 (registry+https://github.com/rust-lang/crates.io-index)",
 "rayon 0.3.1 (registry+https://github.com/rust-lang/crates.io-index)",
]

[[package]]
name = "kernel32-sys"
version = "0.2.1"
source = "registry+https://github.com/rust-lang/crates.io-index"
dependencies = [
 "winapi 0.2.6 (registry+https://github.com/rust-lang/crates.io-index)",
 "winapi-build 0.1.1 (registry+https://github.com/rust-lang/crates.io-index)",
]

[[package]]
name = "khronos_api"
version = "1.0.0"
source = "registry+https://github.com/rust-lang/crates.io-index"

[[package]]
name = "lazy_static"
version = "0.1.15"
source = "registry+https://github.com/rust-lang/crates.io-index"

[[package]]
name = "libc"
version = "0.2.9"
source = "registry+https://github.com/rust-lang/crates.io-index"

[[package]]
name = "libloading"
version = "0.2.1"
source = "registry+https://github.com/rust-lang/crates.io-index"
dependencies = [
 "kernel32-sys 0.2.1 (registry+https://github.com/rust-lang/crates.io-index)",
 "lazy_static 0.1.15 (registry+https://github.com/rust-lang/crates.io-index)",
 "winapi 0.2.6 (registry+https://github.com/rust-lang/crates.io-index)",
]

[[package]]
name = "log"
version = "0.3.6"
source = "registry+https://github.com/rust-lang/crates.io-index"

[[package]]
name = "lzw"
version = "0.10.0"
source = "registry+https://github.com/rust-lang/crates.io-index"

[[package]]
name = "malloc_buf"
version = "0.0.6"
source = "registry+https://github.com/rust-lang/crates.io-index"
dependencies = [
 "libc 0.2.9 (registry+https://github.com/rust-lang/crates.io-index)",
]

[[package]]
name = "math"
version = "0.1.0"

[[package]]
name = "memmap"
version = "0.2.3"
source = "registry+https://github.com/rust-lang/crates.io-index"
dependencies = [
 "fs2 0.2.4 (registry+https://github.com/rust-lang/crates.io-index)",
 "kernel32-sys 0.2.1 (registry+https://github.com/rust-lang/crates.io-index)",
 "libc 0.2.9 (registry+https://github.com/rust-lang/crates.io-index)",
 "winapi 0.2.6 (registry+https://github.com/rust-lang/crates.io-index)",
]

[[package]]
name = "miniz-sys"
version = "0.1.7"
source = "registry+https://github.com/rust-lang/crates.io-index"
dependencies = [
 "gcc 0.3.26 (registry+https://github.com/rust-lang/crates.io-index)",
 "libc 0.2.9 (registry+https://github.com/rust-lang/crates.io-index)",
]

[[package]]
name = "num"
version = "0.1.31"
source = "registry+https://github.com/rust-lang/crates.io-index"
dependencies = [
 "rand 0.3.14 (registry+https://github.com/rust-lang/crates.io-index)",
 "rustc-serialize 0.3.18 (registry+https://github.com/rust-lang/crates.io-index)",
]

[[package]]
name = "num_cpus"
version = "0.2.11"
source = "registry+https://github.com/rust-lang/crates.io-index"
dependencies = [
 "libc 0.2.9 (registry+https://github.com/rust-lang/crates.io-index)",
]

[[package]]
name = "objc"
version = "0.1.8"
source = "registry+https://github.com/rust-lang/crates.io-index"
dependencies = [
 "libc 0.2.9 (registry+https://github.com/rust-lang/crates.io-index)",
 "malloc_buf 0.0.6 (registry+https://github.com/rust-lang/crates.io-index)",
]

[[package]]
name = "opengl"
version = "0.1.0"
dependencies = [
 "gl_generator 0.5.1 (registry+https://github.com/rust-lang/crates.io-index)",
]

[[package]]
name = "osmesa-sys"
version = "0.0.5"
source = "registry+https://github.com/rust-lang/crates.io-index"
dependencies = [
 "libc 0.2.9 (registry+https://github.com/rust-lang/crates.io-index)",
 "shared_library 0.1.4 (registry+https://github.com/rust-lang/crates.io-index)",
]

[[package]]
name = "png"
version = "0.4.2"
source = "registry+https://github.com/rust-lang/crates.io-index"
dependencies = [
 "bitflags 0.3.3 (registry+https://github.com/rust-lang/crates.io-index)",
 "flate2 0.2.13 (registry+https://github.com/rust-lang/crates.io-index)",
 "inflate 0.1.0 (registry+https://github.com/rust-lang/crates.io-index)",
 "libc 0.2.9 (registry+https://github.com/rust-lang/crates.io-index)",
 "num 0.1.31 (registry+https://github.com/rust-lang/crates.io-index)",
]

[[package]]
name = "rand"
version = "0.3.14"
source = "registry+https://github.com/rust-lang/crates.io-index"
dependencies = [
 "libc 0.2.9 (registry+https://github.com/rust-lang/crates.io-index)",
]

[[package]]
name = "rayon"
version = "0.3.1"
source = "registry+https://github.com/rust-lang/crates.io-index"
dependencies = [
 "deque 0.3.1 (registry+https://github.com/rust-lang/crates.io-index)",
 "num_cpus 0.2.11 (registry+https://github.com/rust-lang/crates.io-index)",
 "rand 0.3.14 (registry+https://github.com/rust-lang/crates.io-index)",
]

[[package]]
name = "rustc-serialize"
version = "0.3.18"
source = "registry+https://github.com/rust-lang/crates.io-index"

[[package]]
name = "serde"
version = "0.7.0"
source = "registry+https://github.com/rust-lang/crates.io-index"

[[package]]
name = "shared_library"
version = "0.1.4"
source = "registry+https://github.com/rust-lang/crates.io-index"
dependencies = [
 "lazy_static 0.1.15 (registry+https://github.com/rust-lang/crates.io-index)",
 "libc 0.2.9 (registry+https://github.com/rust-lang/crates.io-index)",
]

[[package]]
name = "shell32-sys"
version = "0.1.1"
source = "registry+https://github.com/rust-lang/crates.io-index"
dependencies = [
 "winapi 0.2.6 (registry+https://github.com/rust-lang/crates.io-index)",
 "winapi-build 0.1.1 (registry+https://github.com/rust-lang/crates.io-index)",
]

[[package]]
name = "tempfile"
version = "1.1.3"
source = "registry+https://github.com/rust-lang/crates.io-index"
dependencies = [
 "kernel32-sys 0.2.1 (registry+https://github.com/rust-lang/crates.io-index)",
 "libc 0.2.9 (registry+https://github.com/rust-lang/crates.io-index)",
 "rand 0.3.14 (registry+https://github.com/rust-lang/crates.io-index)",
 "winapi 0.2.6 (registry+https://github.com/rust-lang/crates.io-index)",
]

[[package]]
name = "time"
version = "0.1.35"
source = "registry+https://github.com/rust-lang/crates.io-index"
dependencies = [
 "kernel32-sys 0.2.1 (registry+https://github.com/rust-lang/crates.io-index)",
 "libc 0.2.9 (registry+https://github.com/rust-lang/crates.io-index)",
 "winapi 0.2.6 (registry+https://github.com/rust-lang/crates.io-index)",
]

[[package]]
name = "tobj"
version = "0.1.1"
source = "registry+https://github.com/rust-lang/crates.io-index"

[[package]]
name = "user32-sys"
version = "0.1.2"
source = "registry+https://github.com/rust-lang/crates.io-index"
dependencies = [
 "winapi 0.2.6 (registry+https://github.com/rust-lang/crates.io-index)",
 "winapi-build 0.1.1 (registry+https://github.com/rust-lang/crates.io-index)",
]

[[package]]
name = "wayland-client"
version = "0.5.9"
source = "registry+https://github.com/rust-lang/crates.io-index"
dependencies = [
 "bitflags 0.3.3 (registry+https://github.com/rust-lang/crates.io-index)",
 "crossbeam 0.1.6 (registry+https://github.com/rust-lang/crates.io-index)",
 "libc 0.2.9 (registry+https://github.com/rust-lang/crates.io-index)",
 "wayland-scanner 0.5.8 (registry+https://github.com/rust-lang/crates.io-index)",
 "wayland-sys 0.5.9 (registry+https://github.com/rust-lang/crates.io-index)",
]

[[package]]
name = "wayland-kbd"
version = "0.3.5"
source = "registry+https://github.com/rust-lang/crates.io-index"
dependencies = [
 "bitflags 0.3.3 (registry+https://github.com/rust-lang/crates.io-index)",
 "dlib 0.3.0 (registry+https://github.com/rust-lang/crates.io-index)",
 "lazy_static 0.1.15 (registry+https://github.com/rust-lang/crates.io-index)",
 "memmap 0.2.3 (registry+https://github.com/rust-lang/crates.io-index)",
 "wayland-client 0.5.9 (registry+https://github.com/rust-lang/crates.io-index)",
]

[[package]]
name = "wayland-scanner"
version = "0.5.8"
source = "registry+https://github.com/rust-lang/crates.io-index"
dependencies = [
 "xml-rs 0.2.2 (registry+https://github.com/rust-lang/crates.io-index)",
]

[[package]]
name = "wayland-sys"
version = "0.5.9"
source = "registry+https://github.com/rust-lang/crates.io-index"
dependencies = [
 "dlib 0.3.0 (registry+https://github.com/rust-lang/crates.io-index)",
 "lazy_static 0.1.15 (registry+https://github.com/rust-lang/crates.io-index)",
]

[[package]]
name = "wayland-window"
version = "0.2.2"
source = "registry+https://github.com/rust-lang/crates.io-index"
dependencies = [
 "byteorder 0.4.2 (registry+https://github.com/rust-lang/crates.io-index)",
 "tempfile 1.1.3 (registry+https://github.com/rust-lang/crates.io-index)",
 "wayland-client 0.5.9 (registry+https://github.com/rust-lang/crates.io-index)",
]

[[package]]
name = "winapi"
version = "0.2.6"
source = "registry+https://github.com/rust-lang/crates.io-index"

[[package]]
name = "winapi-build"
version = "0.1.1"
source = "registry+https://github.com/rust-lang/crates.io-index"

[[package]]
name = "x11-dl"
version = "2.3.1"
source = "registry+https://github.com/rust-lang/crates.io-index"
dependencies = [
 "dylib 0.0.1 (registry+https://github.com/rust-lang/crates.io-index)",
 "libc 0.2.9 (registry+https://github.com/rust-lang/crates.io-index)",
]

[[package]]
name = "xml-rs"
version = "0.2.2"
source = "registry+https://github.com/rust-lang/crates.io-index"
dependencies = [
 "bitflags 0.3.3 (registry+https://github.com/rust-lang/crates.io-index)",
]

[[package]]
name = "xml-rs"
version = "0.3.0"
source = "registry+https://github.com/rust-lang/crates.io-index"
dependencies = [
 "bitflags 0.3.3 (registry+https://github.com/rust-lang/crates.io-index)",
]

[metadata]
"checksum android_glue 0.1.3 (registry+https://github.com/rust-lang/crates.io-index)" = "f717214f8b7bac58e0fcfc2efcd716353b487a73f44935d7eab4e7b8f7d90778"
"checksum bitflags 0.3.3 (registry+https://github.com/rust-lang/crates.io-index)" = "32866f4d103c4e438b1db1158aa1b1a80ee078e5d77a59a2f906fd62a577389c"
"checksum byteorder 0.4.2 (registry+https://github.com/rust-lang/crates.io-index)" = "96c8b41881888cc08af32d47ac4edd52bc7fa27fef774be47a92443756451304"
"checksum cgl 0.1.4 (registry+https://github.com/rust-lang/crates.io-index)" = "a88f6de807c90491d72a2951bf541bda481f5820cfe115fae431b8dd50d5160d"
"checksum cocoa 0.2.5 (registry+https://github.com/rust-lang/crates.io-index)" = "762d137b9eafd658d34f03dd5402210bc1a57144aa9bb70ade62365e827f9f82"
"checksum color_quant 1.0.0 (registry+https://github.com/rust-lang/crates.io-index)" = "a475fc4af42d83d28adf72968d9bcfaf035a1a9381642d8e85d8a04957767b0d"
"checksum core-foundation 0.2.0 (registry+https://github.com/rust-lang/crates.io-index)" = "86265e39387f38d0bc2ca087e3f1572df46e78227dbb01e41601651bc14e82a4"
"checksum core-foundation-sys 0.2.0 (registry+https://github.com/rust-lang/crates.io-index)" = "301526247f5b60336e7a8941309995fe0dd198ade4c181c6b1ab82ed7761555d"
"checksum core-graphics 0.3.0 (registry+https://github.com/rust-lang/crates.io-index)" = "ee7c5038519e4ca1890457e35acd0e42a3faba3697471c142e044fc7afe83901"
"checksum crossbeam 0.1.6 (registry+https://github.com/rust-lang/crates.io-index)" = "119610ffbc5caabb7ae37f086b7b9343cef24e37d7282b98ce0d945175786465"
"checksum deque 0.3.1 (registry+https://github.com/rust-lang/crates.io-index)" = "1614659040e711785ed8ea24219140654da1729f3ec8a47a9719d041112fe7bf"
"checksum dlib 0.3.0 (registry+https://github.com/rust-lang/crates.io-index)" = "8bd015f00d33d7e4ff66f1589fb824ccf3ccb10209b66c7b756f26ba9aa90215"
"checksum dwmapi-sys 0.1.0 (registry+https://github.com/rust-lang/crates.io-index)" = "07c4c7cc7b396419bc0a4d90371d0cee16cb5053b53647d287c0b728000c41fe"
"checksum dylib 0.0.1 (registry+https://github.com/rust-lang/crates.io-index)" = "cdff070fc467d71f23c5ac5ebfa0867e8f31146ef529b777723e8cba815e47ae"
"checksum enum_primitive 0.1.0 (registry+https://github.com/rust-lang/crates.io-index)" = "f79eff5be92a4d7d5bddf7daa7d650717ea71628634efe6ca7bcda85b2183c23"
"checksum euclid 0.6.5 (registry+https://github.com/rust-lang/crates.io-index)" = "b63945734d388b26c3502361a7584d1489348533b1811348650f14ada6fe5b14"
"checksum flate2 0.2.13 (registry+https://github.com/rust-lang/crates.io-index)" = "f9e6fc69e0509336ff58a2e5ab91c7a9629cb78bad26e67d8c4489f5a648addb"
"checksum fs2 0.2.4 (registry+https://github.com/rust-lang/crates.io-index)" = "66fd7974e97e3c47dc89c146a05c6e8e90c4267daee9e75c229d4e049dce454d"
"checksum gcc 0.3.26 (registry+https://github.com/rust-lang/crates.io-index)" = "3337bf4deec8dd33c331a62b59708f5b438779b8089b1888d56976ac2c325d3e"
"checksum gdi32-sys 0.1.1 (registry+https://github.com/rust-lang/crates.io-index)" = "65256ec4dc2592e6f05bfc1ca3b956a4e0698aa90b1dff1f5687d55a5a3fd59a"
"checksum gif 0.8.0 (registry+https://github.com/rust-lang/crates.io-index)" = "e83974297d55ffcbabd98a15f930dfe2ec03c80d179241e43f4b8d569e360e85"
"checksum gl_generator 0.4.2 (registry+https://github.com/rust-lang/crates.io-index)" = "37905b2d6c7ade3f675d4b03cc038709c7868b938c5950f05a4a03f299b21011"
"checksum gl_generator 0.5.1 (registry+https://github.com/rust-lang/crates.io-index)" = "3305a6b4fc8848091848d23cb92c1c9e8a8bc3528d7b07d4b86ca4f002fece59"
"checksum gleam 0.2.12 (registry+https://github.com/rust-lang/crates.io-index)" = "834c539b61b2416605949d3060644993f1ed15527c5533bbba1d0a6767186ad1"
"checksum glob 0.2.11 (registry+https://github.com/rust-lang/crates.io-index)" = "8be18de09a56b60ed0edf84bc9df007e30040691af7acd1c41874faac5895bfb"
"checksum glutin 0.4.9 (registry+https://github.com/rust-lang/crates.io-index)" = "a71f1b8b1692cad5bfc4da18338920d4738d2f9eb53cb52c5554e985652aa281"
"checksum image 0.8.0 (registry+https://github.com/rust-lang/crates.io-index)" = "6e61a35cc1c1f5a56d0d65f0488d2d2a40150b40c8b7946439a6a6ac63c43dd7"
"checksum inflate 0.1.0 (registry+https://github.com/rust-lang/crates.io-index)" = "069121857a728d010c7b2fb8f2ae17b337df763ebbd68a04ea8df7e5b52f53a4"
"checksum jpeg-decoder 0.1.2 (registry+https://github.com/rust-lang/crates.io-index)" = "221a43f2b162f5c8cc7fd810385ecf48a7af2a946e382e7313f0a4d64ca4a44d"
"checksum kernel32-sys 0.2.1 (registry+https://github.com/rust-lang/crates.io-index)" = "b5b5e7edf375e6d26243bde172f1d5ed1446f4a766fc9b7006e1fd27258243f1"
"checksum khronos_api 1.0.0 (registry+https://github.com/rust-lang/crates.io-index)" = "09c9d3760673c427d46f91a0350f0a84a52e6bc5a84adf26dc610b6c52436630"
"checksum lazy_static 0.1.15 (registry+https://github.com/rust-lang/crates.io-index)" = "547fd11b0400fbab39f7a6df53c648cfb01b977233015d9e0784d595a5a6c449"
"checksum libc 0.2.9 (registry+https://github.com/rust-lang/crates.io-index)" = "95ca44454e7cfe7f8a2095a41a10c79d96a177c0b1672cbf1a30d901a9c16ee5"
"checksum libloading 0.2.1 (registry+https://github.com/rust-lang/crates.io-index)" = "9bf296a78f7aa1c3ad23da173565367769c84e34af19c6e2d6f6b63da7189b9f"
"checksum log 0.3.6 (registry+https://github.com/rust-lang/crates.io-index)" = "ab83497bf8bf4ed2a74259c1c802351fcd67a65baa86394b6ba73c36f4838054"
"checksum lzw 0.10.0 (registry+https://github.com/rust-lang/crates.io-index)" = "7d947cbb889ed21c2a84be6ffbaebf5b4e0f4340638cba0444907e38b56be084"
"checksum malloc_buf 0.0.6 (registry+https://github.com/rust-lang/crates.io-index)" = "62bb907fe88d54d8d9ce32a3cceab4218ed2f6b7d35617cafe9adf84e43919cb"
"checksum memmap 0.2.3 (registry+https://github.com/rust-lang/crates.io-index)" = "f20f72ed93291a72e22e8b16bb18762183bb4943f0f483da5b8be1a9e8192752"
"checksum miniz-sys 0.1.7 (registry+https://github.com/rust-lang/crates.io-index)" = "9d1f4d337a01c32e1f2122510fed46393d53ca35a7f429cb0450abaedfa3ed54"
"checksum num 0.1.31 (registry+https://github.com/rust-lang/crates.io-index)" = "be45b3e341522564415a07118d7cf44896d0919e7a1bb21d59ad82af48256324"
"checksum num_cpus 0.2.11 (registry+https://github.com/rust-lang/crates.io-index)" = "51fedae97a05f7353612fe017ab705a37e6db8f4d67c5c6fe739a9e70d6eed09"
"checksum objc 0.1.8 (registry+https://github.com/rust-lang/crates.io-index)" = "5933fd7ec8031398855fc7a2987d786f3f69c5c82113ec330ac5b6ef4c034056"
"checksum osmesa-sys 0.0.5 (registry+https://github.com/rust-lang/crates.io-index)" = "e25c2d8d70fa255d45c280df2c6c22c89cca2b2bbb98a11f223d7cd5d5c5369d"
"checksum png 0.4.2 (registry+https://github.com/rust-lang/crates.io-index)" = "663db46f64871868c9c667e8aece8072d27f600897130417494603ae2a07eca1"
"checksum rand 0.3.14 (registry+https://github.com/rust-lang/crates.io-index)" = "2791d88c6defac799c3f20d74f094ca33b9332612d9aef9078519c82e4fe04a5"
"checksum rayon 0.3.1 (registry+https://github.com/rust-lang/crates.io-index)" = "941deb43a6254b9867fec1e0caeda38a2ad905ab18c57f7c68c396ca68998c07"
"checksum rustc-serialize 0.3.18 (registry+https://github.com/rust-lang/crates.io-index)" = "9cf81518cd579f8a9c58c0a71328bdb9be15c754181261da82583092dc8a7ff0"
"checksum serde 0.7.0 (registry+https://github.com/rust-lang/crates.io-index)" = "90527ab4abff2f0608cdb1a78e2349180e1d92059f59b5a65ce2a1a15a499b73"
"checksum shared_library 0.1.4 (registry+https://github.com/rust-lang/crates.io-index)" = "e0979ddff251a81a12de16212ab8f5fac75a1c69b86a7c5809b7b610c350f049"
"checksum shell32-sys 0.1.1 (registry+https://github.com/rust-lang/crates.io-index)" = "72f20b8f3c060374edb8046591ba28f62448c369ccbdc7b02075103fb3a9e38d"
"checksum tempfile 1.1.3 (registry+https://github.com/rust-lang/crates.io-index)" = "ea9234ab6f388c147f9a44dfd331f2c5ad956387acbb9fa03e99abc5a28e5eaa"
"checksum time 0.1.35 (registry+https://github.com/rust-lang/crates.io-index)" = "3c7ec6d62a20df54e07ab3b78b9a3932972f4b7981de295563686849eb3989af"
"checksum tobj 0.1.1 (registry+https://github.com/rust-lang/crates.io-index)" = "73a4e298e478ca608ac5081a7ae45d74dd4365fb385e415d372fc1b0aec4ce28"
"checksum user32-sys 0.1.2 (registry+https://github.com/rust-lang/crates.io-index)" = "6717129de5ac253f5642fc78a51d0c7de6f9f53d617fc94e9bae7f6e71cf5504"
"checksum wayland-client 0.5.9 (registry+https://github.com/rust-lang/crates.io-index)" = "2b8cdd1553110dba408f2f0c03c10a70bf516b56c9b9569555d69cf97bf27bbd"
"checksum wayland-kbd 0.3.5 (registry+https://github.com/rust-lang/crates.io-index)" = "f3b79631231fe1c118deb8aa7a04132caff2b7f9af9c4054f97b2bd76c2933b4"
"checksum wayland-scanner 0.5.8 (registry+https://github.com/rust-lang/crates.io-index)" = "b1b68788b3775f1ee096c6aec9946ce4a3ff5d750239a01915c7fff792e1fbef"
"checksum wayland-sys 0.5.9 (registry+https://github.com/rust-lang/crates.io-index)" = "9a594b5a2ca1daed6bd1a6ca4c71e60a92614f503755e9f06d9ea0ca59d02ade"
"checksum wayland-window 0.2.2 (registry+https://github.com/rust-lang/crates.io-index)" = "d9ce38d12a316f7cff1777fdae44447db000d4d18f4a9f76958cb00d7c8a629a"
"checksum winapi 0.2.6 (registry+https://github.com/rust-lang/crates.io-index)" = "4dfaaa8fbdaa618fa6914b59b2769d690dd7521920a18d84b42d254678dd5fd4"
"checksum winapi-build 0.1.1 (registry+https://github.com/rust-lang/crates.io-index)" = "2d315eee3b34aca4797b2da6b13ed88266e6d612562a0c46390af8299fc699bc"
"checksum x11-dl 2.3.1 (registry+https://github.com/rust-lang/crates.io-index)" = "338b7b47ca60d70b5d2b1768eb7b016c19dff4492d96728a27b454fdfe3b2a51"
"checksum xml-rs 0.2.2 (registry+https://github.com/rust-lang/crates.io-index)" = "0d7c34f934fa02d71d33e03f2eceecd0adfe881d9acddbbd908318e12d449ebf"
"checksum xml-rs 0.3.0 (registry+https://github.com/rust-lang/crates.io-index)" = "f11ef7864e55d06a38755beaf03ab70139a04e619acfe94ef800b11bd79eb52c"
